
Microsoft Visual Studio Solution File, Format Version 12.00
# Visual Studio Version 16
VisualStudioVersion = 16.0.810.23
MinimumVisualStudioVersion = 10.0.40219.1
Project("{FAE04EC0-301F-11D3-BF4B-00C04F79EFBC}") = "BestBuyBestPractices", "BestBuyBestPractices\BestBuyBestPractices.csproj", "{F8F26782-CC69-42E7-A329-EE9281834653}"
EndProject
Global
	GlobalSection(SolutionConfigurationPlatforms) = preSolution
		Debug|Any CPU = Debug|Any CPU
		Release|Any CPU = Release|Any CPU
	EndGlobalSection
	GlobalSection(ProjectConfigurationPlatforms) = postSolution
		{F8F26782-CC69-42E7-A329-EE9281834653}.Debug|Any CPU.ActiveCfg = Debug|Any CPU
		{F8F26782-CC69-42E7-A329-EE9281834653}.Debug|Any CPU.Build.0 = Debug|Any CPU
		{F8F26782-CC69-42E7-A329-EE9281834653}.Release|Any CPU.ActiveCfg = Release|Any CPU
		{F8F26782-CC69-42E7-A329-EE9281834653}.Release|Any CPU.Build.0 = Release|Any CPU
	EndGlobalSection
	GlobalSection(SolutionProperties) = preSolution
		HideSolutionNode = FALSE
	EndGlobalSection
	GlobalSection(ExtensibilityGlobals) = postSolution
		SolutionGuid = {7B46560E-86EA-4A21-A5AF-BAB480D2F778}
	EndGlobalSection
EndGlobal
